
Microsoft Visual Studio Solution File, Format Version 12.00
# Visual Studio Version 17
VisualStudioVersion = 17.1.32210.238
MinimumVisualStudioVersion = 10.0.40219.1
Project("{FAE04EC0-301F-11D3-BF4B-00C04F79EFBC}") = "TheoryOfInformation.lb2", "TheoryOfInformation.lb2\TheoryOfInformation.lb2.csproj", "{FF5E204C-9E89-42AF-9B31-82E4ECE13F87}"
EndProject
Global
	GlobalSection(SolutionConfigurationPlatforms) = preSolution
		Debug|Any CPU = Debug|Any CPU
		Release|Any CPU = Release|Any CPU
	EndGlobalSection
	GlobalSection(ProjectConfigurationPlatforms) = postSolution
		{FF5E204C-9E89-42AF-9B31-82E4ECE13F87}.Debug|Any CPU.ActiveCfg = Debug|Any CPU
		{FF5E204C-9E89-42AF-9B31-82E4ECE13F87}.Debug|Any CPU.Build.0 = Debug|Any CPU
		{FF5E204C-9E89-42AF-9B31-82E4ECE13F87}.Release|Any CPU.ActiveCfg = Release|Any CPU
		{FF5E204C-9E89-42AF-9B31-82E4ECE13F87}.Release|Any CPU.Build.0 = Release|Any CPU
	EndGlobalSection
	GlobalSection(SolutionProperties) = preSolution
		HideSolutionNode = FALSE
	EndGlobalSection
	GlobalSection(ExtensibilityGlobals) = postSolution
		SolutionGuid = {2835F843-C988-4E62-8C3F-62521B7EA663}
	EndGlobalSection
EndGlobal
